
Microsoft Visual Studio Solution File, Format Version 12.00
# Visual Studio Version 17
VisualStudioVersion = 17.4.33103.184
MinimumVisualStudioVersion = 10.0.40219.1
Project("{9A19103F-16F7-4668-BE54-9A1E7A4F7556}") = "GitAction.Test", "GitAction.Test\GitAction.Test.csproj", "{6D085BD7-A544-41B9-B28F-FF2096ECD5F6}"
EndProject
Project("{FAE04EC0-301F-11D3-BF4B-00C04F79EFBC}") = "GitAction.Test2", "GitAction.Test2\GitAction.Test2.csproj", "{2B3B946C-77CE-4449-B2A1-0A29E26742E6}"
EndProject
Global
	GlobalSection(SolutionConfigurationPlatforms) = preSolution
		Debug|Any CPU = Debug|Any CPU
		Release|Any CPU = Release|Any CPU
	EndGlobalSection
	GlobalSection(ProjectConfigurationPlatforms) = postSolution
		{6D085BD7-A544-41B9-B28F-FF2096ECD5F6}.Debug|Any CPU.ActiveCfg = Debug|Any CPU
		{6D085BD7-A544-41B9-B28F-FF2096ECD5F6}.Debug|Any CPU.Build.0 = Debug|Any CPU
		{6D085BD7-A544-41B9-B28F-FF2096ECD5F6}.Release|Any CPU.ActiveCfg = Release|Any CPU
		{6D085BD7-A544-41B9-B28F-FF2096ECD5F6}.Release|Any CPU.Build.0 = Release|Any CPU
		{2B3B946C-77CE-4449-B2A1-0A29E26742E6}.Debug|Any CPU.ActiveCfg = Debug|Any CPU
		{2B3B946C-77CE-4449-B2A1-0A29E26742E6}.Debug|Any CPU.Build.0 = Debug|Any CPU
		{2B3B946C-77CE-4449-B2A1-0A29E26742E6}.Release|Any CPU.ActiveCfg = Release|Any CPU
		{2B3B946C-77CE-4449-B2A1-0A29E26742E6}.Release|Any CPU.Build.0 = Release|Any CPU
	EndGlobalSection
	GlobalSection(SolutionProperties) = preSolution
		HideSolutionNode = FALSE
	EndGlobalSection
	GlobalSection(ExtensibilityGlobals) = postSolution
		SolutionGuid = {0CA89379-43AC-4861-8173-3D4D122C55DD}
	EndGlobalSection
EndGlobal
